# This file is automatically @generated by Cargo.
# It is not intended for manual editing.
version = 4

[[package]]
name = "allocator-api2"
version = "0.2.21"
source = "registry+https://github.com/rust-lang/crates.io-index"
checksum = "683d7910e743518b0e34f1186f92494becacb047c7b6bf616c96772180fef923"

[[package]]
name = "bitflags"
version = "2.13.0"
source = "registry+https://github.com/rust-lang/crates.io-index"
checksum = "b4388bee8683e3d04af747c73422af53102d2bd24d9eadb6cbc100baef4b43f8"

[[package]]
name = "hashbrown"
version = "0.17.1"
source = "registry+https://github.com/rust-lang/crates.io-index"
checksum = "ed5909b6e89a2db4456e54cd5f673791d7eca6732202bbf2a9cc504fe2f9b84a"
dependencies = [
 "allocator-api2",
]

[[package]]
name = "rustc-hash"
version = "2.1.2"
source = "registry+https://github.com/rust-lang/crates.io-index"
checksum = "94300abf3f1ae2e2b8ffb7b58043de3d399c73fa6f4b73826402a5c457614dbe"

[[package]]
name = "stratum_arena"
version = "0.1.0"
dependencies = [
 "stratum_utils",
]

[[package]]
name = "stratum_c_ast"
version = "0.1.0"
dependencies = [
 "stratum_arena",
 "stratum_diagnostics",
]

[[package]]
name = "stratum_c_bridge"
version = "0.1.0"
dependencies = [
 "stratum_arena",
 "stratum_c_ast",
 "stratum_c_lexer",
 "stratum_c_parser",
 "stratum_diagnostics",
 "stratum_hir",
]

[[package]]
name = "stratum_c_driver"
version = "0.1.0"
dependencies = [
 "stratum_arena",
 "stratum_c_ast",
 "stratum_c_bridge",
 "stratum_c_lexer",
 "stratum_c_parser",
 "stratum_c_preprocessor",
 "stratum_c_sema",
 "stratum_diagnostics",
]

[[package]]
name = "stratum_c_lexer"
version = "0.1.0"
dependencies = [
 "stratum_arena",
 "stratum_diagnostics",
]

[[package]]
name = "stratum_c_parser"
version = "0.1.0"
dependencies = [
 "stratum_arena",
 "stratum_c_ast",
 "stratum_c_lexer",
 "stratum_diagnostics",
 "stratum_utils",
]

[[package]]
name = "stratum_c_preprocessor"
version = "0.1.0"
dependencies = [
 "stratum_arena",
 "stratum_c_lexer",
 "stratum_diagnostics",
 "stratum_utils",
]

[[package]]
name = "stratum_c_sema"
version = "0.1.0"
dependencies = [
 "stratum_arena",
 "stratum_c_ast",
 "stratum_c_lexer",
 "stratum_c_parser",
 "stratum_diagnostics",
 "stratum_utils",
]

[[package]]
name = "stratum_codeview"
version = "0.1.0"
dependencies = [
 "stratum_diagnostics",
 "stratum_oir",
 "stratum_pe",
]

[[package]]
name = "stratum_diagnostics"
version = "0.1.0"

[[package]]
name = "stratum_dwarf"
version = "0.1.0"
dependencies = [
 "stratum_diagnostics",
 "stratum_oir",
]

[[package]]
name = "stratum_elf"
version = "0.1.0"
dependencies = [
 "bitflags",
 "stratum_oir",
]

[[package]]
name = "stratum_hir"
version = "0.1.0"
dependencies = [
 "stratum_arena",
 "stratum_diagnostics",
]

[[package]]
name = "stratum_macho"
version = "0.1.0"
dependencies = [
 "stratum_oir",
]

[[package]]
name = "stratum_object_driver"
version = "0.1.0"
dependencies = [
 "stratum_elf",
 "stratum_macho",
 "stratum_oir",
 "stratum_pe",
 "stratum_wasm",
]

[[package]]
name = "stratum_oir"
version = "0.1.0"
dependencies = [
 "stratum_arena",
 "stratum_diagnostics",
]

[[package]]
name = "stratum_pe"
version = "0.1.0"
dependencies = [
 "stratum_oir",
]

[[package]]
name = "stratum_utils"
version = "0.1.0"
dependencies = [
 "hashbrown",
 "rustc-hash",
]

[[package]]
name = "stratum_wasm"
version = "0.1.0"
dependencies = [
 "stratum_oir",
]
